
Microsoft Visual Studio Solution File, Format Version 12.00
# Visual Studio Version 17
VisualStudioVersion = 17.0.32112.339
MinimumVisualStudioVersion = 10.0.40219.1
Project("{FAE04EC0-301F-11D3-BF4B-00C04F79EFBC}") = "proyecto final", "proyecto final\proyecto final.csproj", "{56A07FAF-69D2-41C6-84FD-7FD4EFC4B99E}"
EndProject
Global
	GlobalSection(SolutionConfigurationPlatforms) = preSolution
		Debug|Any CPU = Debug|Any CPU
		Release|Any CPU = Release|Any CPU
	EndGlobalSection
	GlobalSection(ProjectConfigurationPlatforms) = postSolution
		{56A07FAF-69D2-41C6-84FD-7FD4EFC4B99E}.Debug|Any CPU.ActiveCfg = Debug|Any CPU
		{56A07FAF-69D2-41C6-84FD-7FD4EFC4B99E}.Debug|Any CPU.Build.0 = Debug|Any CPU
		{56A07FAF-69D2-41C6-84FD-7FD4EFC4B99E}.Release|Any CPU.ActiveCfg = Release|Any CPU
		{56A07FAF-69D2-41C6-84FD-7FD4EFC4B99E}.Release|Any CPU.Build.0 = Release|Any CPU
	EndGlobalSection
	GlobalSection(SolutionProperties) = preSolution
		HideSolutionNode = FALSE
	EndGlobalSection
	GlobalSection(ExtensibilityGlobals) = postSolution
		SolutionGuid = {C8D403FB-1556-4EB3-9A6F-384F9487589F}
	EndGlobalSection
EndGlobal
